<Solution>
  <Project Path="CriticalSpin.Runtime.csproj" />
  <Project Path="DOTweenPro.Scripts.csproj" />
  <Project Path="Assembly-CSharp.csproj" />
  <Project Path="DOTween.Modules.csproj" />
  <Project Path="Assembly-CSharp-firstpass.csproj" />
  <Project Path="DOTweenPro.EditorScripts.csproj" />
</Solution>
